
Microsoft Visual Studio Solution File, Format Version 12.00
# Visual Studio Version 17
VisualStudioVersion = 17.5.002.0
MinimumVisualStudioVersion = 10.0.40219.1
Project("{9A19103F-16F7-4668-BE54-9A1E7A4F7556}") = "Suporte_TI", "Suporte_TI.csproj", "{E50A9B71-E801-44F1-8AAC-ECE69A0D5266}"
EndProject
Global
	GlobalSection(SolutionConfigurationPlatforms) = preSolution
		Debug|Any CPU = Debug|Any CPU
		Release|Any CPU = Release|Any CPU
	EndGlobalSection
	GlobalSection(ProjectConfigurationPlatforms) = postSolution
		{E50A9B71-E801-44F1-8AAC-ECE69A0D5266}.Debug|Any CPU.ActiveCfg = Debug|Any CPU
		{E50A9B71-E801-44F1-8AAC-ECE69A0D5266}.Debug|Any CPU.Build.0 = Debug|Any CPU
		{E50A9B71-E801-44F1-8AAC-ECE69A0D5266}.Release|Any CPU.ActiveCfg = Release|Any CPU
		{E50A9B71-E801-44F1-8AAC-ECE69A0D5266}.Release|Any CPU.Build.0 = Release|Any CPU
	EndGlobalSection
	GlobalSection(SolutionProperties) = preSolution
		HideSolutionNode = FALSE
	EndGlobalSection
	GlobalSection(ExtensibilityGlobals) = postSolution
		SolutionGuid = {9250C76F-E169-4D27-9932-19995DE1A919}
	EndGlobalSection
EndGlobal
